
Microsoft Visual Studio Solution File, Format Version 12.00
# Visual Studio Version 17
VisualStudioVersion = 17.0.31606.5
MinimumVisualStudioVersion = 10.0.40219.1
Project("{9A19103F-16F7-4668-BE54-9A1E7A4F7556}") = "CleanCode.BCEL.DateTimeExtensions", "CleanCode.BCEL.DateTimeExtensions\CleanCode.BCEL.DateTimeExtensions.csproj", "{B9B15D25-8B24-44DA-9250-308E55108E85}"
EndProject
Project("{FAE04EC0-301F-11D3-BF4B-00C04F79EFBC}") = "CleanCode.BCEL.DateTimeExtensions.Test", "CleanCode.BCEL.DateTimeExtensions.Test\CleanCode.BCEL.DateTimeExtensions.Test.csproj", "{F3292327-80F4-45D0-9262-B8FD483E914B}"
EndProject
Global
	GlobalSection(SolutionConfigurationPlatforms) = preSolution
		Debug|Any CPU = Debug|Any CPU
		Release|Any CPU = Release|Any CPU
	EndGlobalSection
	GlobalSection(ProjectConfigurationPlatforms) = postSolution
		{B9B15D25-8B24-44DA-9250-308E55108E85}.Debug|Any CPU.ActiveCfg = Debug|Any CPU
		{B9B15D25-8B24-44DA-9250-308E55108E85}.Debug|Any CPU.Build.0 = Debug|Any CPU
		{B9B15D25-8B24-44DA-9250-308E55108E85}.Release|Any CPU.ActiveCfg = Release|Any CPU
		{B9B15D25-8B24-44DA-9250-308E55108E85}.Release|Any CPU.Build.0 = Release|Any CPU
		{F3292327-80F4-45D0-9262-B8FD483E914B}.Debug|Any CPU.ActiveCfg = Debug|Any CPU
		{F3292327-80F4-45D0-9262-B8FD483E914B}.Debug|Any CPU.Build.0 = Debug|Any CPU
		{F3292327-80F4-45D0-9262-B8FD483E914B}.Release|Any CPU.ActiveCfg = Release|Any CPU
		{F3292327-80F4-45D0-9262-B8FD483E914B}.Release|Any CPU.Build.0 = Release|Any CPU
	EndGlobalSection
	GlobalSection(SolutionProperties) = preSolution
		HideSolutionNode = FALSE
	EndGlobalSection
	GlobalSection(ExtensibilityGlobals) = postSolution
		SolutionGuid = {C84D2E48-6B90-4836-B6F7-1AD02B145247}
	EndGlobalSection
EndGlobal
